
Microsoft Visual Studio Solution File, Format Version 12.00
# Visual Studio 15
VisualStudioVersion = 15.0.26430.6
MinimumVisualStudioVersion = 10.0.40219.1
Project("{2150E333-8FDC-42A3-9474-1A3956D46DE8}") = "Solution Items", "Solution Items", "{58013213-DC04-469A-9D84-CA205A9E56C7}"
EndProject
Project("{9A19103F-16F7-4668-BE54-9A1E7A4F7556}") = "HomeBird.DataClasses", "HomeBird.DataClasses\HomeBird.DataClasses.csproj", "{5E83D81F-0BC7-4B4A-90C0-13F66A3F771E}"
EndProject
Project("{9A19103F-16F7-4668-BE54-9A1E7A4F7556}") = "HomeBird.Frontend.Logic", "HomeBird.Logic\HomeBird.Frontend.Logic.csproj", "{49833A8F-2EE0-4F89-81A4-7997D6658338}"
EndProject
Project("{FAE04EC0-301F-11D3-BF4B-00C04F79EFBC}") = "HomeBird.DataBase.EfCore", "HomeBird.DataBase.EfCore\HomeBird.DataBase.EfCore.csproj", "{8D667094-6A69-46A4-A860-6FDE3ADBA773}"
EndProject
Project("{FAE04EC0-301F-11D3-BF4B-00C04F79EFBC}") = "HomeBird.Common", "HomeBird.Common\HomeBird.Common.csproj", "{C2F422DA-2901-4CC5-8A17-9F18B7F9DF0D}"
EndProject
Project("{FAE04EC0-301F-11D3-BF4B-00C04F79EFBC}") = "HomeBird.DataBase.Logic", "HomeBird.DataBase.Logic\HomeBird.DataBase.Logic.csproj", "{583D7978-FC07-44BA-8670-31876367359D}"
EndProject
Project("{FAE04EC0-301F-11D3-BF4B-00C04F79EFBC}") = "HomeBird.Frontend", "HomeBird.Frontend\HomeBird.Frontend.csproj", "{A6AA60E9-B1B4-45FD-A5CD-537FF4E34A50}"
EndProject
Global
	GlobalSection(SolutionConfigurationPlatforms) = preSolution
		Debug|Any CPU = Debug|Any CPU
		Release|Any CPU = Release|Any CPU
	EndGlobalSection
	GlobalSection(ProjectConfigurationPlatforms) = postSolution
		{5E83D81F-0BC7-4B4A-90C0-13F66A3F771E}.Debug|Any CPU.ActiveCfg = Debug|Any CPU
		{5E83D81F-0BC7-4B4A-90C0-13F66A3F771E}.Debug|Any CPU.Build.0 = Debug|Any CPU
		{5E83D81F-0BC7-4B4A-90C0-13F66A3F771E}.Release|Any CPU.ActiveCfg = Release|Any CPU
		{5E83D81F-0BC7-4B4A-90C0-13F66A3F771E}.Release|Any CPU.Build.0 = Release|Any CPU
		{49833A8F-2EE0-4F89-81A4-7997D6658338}.Debug|Any CPU.ActiveCfg = Debug|Any CPU
		{49833A8F-2EE0-4F89-81A4-7997D6658338}.Debug|Any CPU.Build.0 = Debug|Any CPU
		{49833A8F-2EE0-4F89-81A4-7997D6658338}.Release|Any CPU.ActiveCfg = Release|Any CPU
		{49833A8F-2EE0-4F89-81A4-7997D6658338}.Release|Any CPU.Build.0 = Release|Any CPU
		{8D667094-6A69-46A4-A860-6FDE3ADBA773}.Debug|Any CPU.ActiveCfg = Debug|Any CPU
		{8D667094-6A69-46A4-A860-6FDE3ADBA773}.Debug|Any CPU.Build.0 = Debug|Any CPU
		{8D667094-6A69-46A4-A860-6FDE3ADBA773}.Release|Any CPU.ActiveCfg = Release|Any CPU
		{8D667094-6A69-46A4-A860-6FDE3ADBA773}.Release|Any CPU.Build.0 = Release|Any CPU
		{C2F422DA-2901-4CC5-8A17-9F18B7F9DF0D}.Debug|Any CPU.ActiveCfg = Debug|Any CPU
		{C2F422DA-2901-4CC5-8A17-9F18B7F9DF0D}.Debug|Any CPU.Build.0 = Debug|Any CPU
		{C2F422DA-2901-4CC5-8A17-9F18B7F9DF0D}.Release|Any CPU.ActiveCfg = Release|Any CPU
		{C2F422DA-2901-4CC5-8A17-9F18B7F9DF0D}.Release|Any CPU.Build.0 = Release|Any CPU
		{583D7978-FC07-44BA-8670-31876367359D}.Debug|Any CPU.ActiveCfg = Debug|Any CPU
		{583D7978-FC07-44BA-8670-31876367359D}.Debug|Any CPU.Build.0 = Debug|Any CPU
		{583D7978-FC07-44BA-8670-31876367359D}.Release|Any CPU.ActiveCfg = Release|Any CPU
		{583D7978-FC07-44BA-8670-31876367359D}.Release|Any CPU.Build.0 = Release|Any CPU
		{A6AA60E9-B1B4-45FD-A5CD-537FF4E34A50}.Debug|Any CPU.ActiveCfg = Debug|Any CPU
		{A6AA60E9-B1B4-45FD-A5CD-537FF4E34A50}.Debug|Any CPU.Build.0 = Debug|Any CPU
		{A6AA60E9-B1B4-45FD-A5CD-537FF4E34A50}.Release|Any CPU.ActiveCfg = Release|Any CPU
		{A6AA60E9-B1B4-45FD-A5CD-537FF4E34A50}.Release|Any CPU.Build.0 = Release|Any CPU
	EndGlobalSection
	GlobalSection(SolutionProperties) = preSolution
		HideSolutionNode = FALSE
	EndGlobalSection
EndGlobal
